// !$*UTF8*$!
{
	archiveVersion = 1;
	classes = {
	};
	objectVersion = 46;
	objects = {

/* Begin PBXBuildFile section */
		5234331C1A8104B40041B7BD /* PresetMgrTests.swift in Sources */ = {isa = PBXBuildFile; fileRef = 5234331B1A8104B40041B7BD /* PresetMgrTests.swift */; };
		5241CD7A1A8110ED00A1FBEF /* Trombone.aupreset in Resources */ = {isa = PBXBuildFile; fileRef = 526FF5FF1A810DBA00CF6A9C /* Trombone.aupreset */; };
		5241CD7B1A8110ED00A1FBEF /* Vibraphone.aupreset in Resources */ = {isa = PBXBuildFile; fileRef = 526FF6001A810DBA00CF6A9C /* Vibraphone.aupreset */; };
		526FF5F51A810DA000CF6A9C /* Images.xcassets in Resources */ = {isa = PBXBuildFile; fileRef = 52C61DA11A79E5C400B3DE23 /* Images.xcassets */; };
		526FF5F61A810DA700CF6A9C /* Main.storyboard in Resources */ = {isa = PBXBuildFile; fileRef = 52C61D9E1A79E5C400B3DE23 /* Main.storyboard */; };
		526FF5F71A810DA700CF6A9C /* LaunchScreen.xib in Resources */ = {isa = PBXBuildFile; fileRef = 52C61DA31A79E5C400B3DE23 /* LaunchScreen.xib */; };
		526FF6011A810DD400CF6A9C /* Trombone.aupreset in Resources */ = {isa = PBXBuildFile; fileRef = 526FF5FF1A810DBA00CF6A9C /* Trombone.aupreset */; };
		526FF6021A810DD400CF6A9C /* Vibraphone.aupreset in Resources */ = {isa = PBXBuildFile; fileRef = 526FF6001A810DBA00CF6A9C /* Vibraphone.aupreset */; };
		526FF6051A81106E00CF6A9C /* Sounds in Resources */ = {isa = PBXBuildFile; fileRef = 526FF6041A81106E00CF6A9C /* Sounds */; };
		526FF6061A81106E00CF6A9C /* Sounds in Resources */ = {isa = PBXBuildFile; fileRef = 526FF6041A81106E00CF6A9C /* Sounds */; };
		52C61D9B1A79E5C400B3DE23 /* AppDelegate.swift in Sources */ = {isa = PBXBuildFile; fileRef = 52C61D9A1A79E5C400B3DE23 /* AppDelegate.swift */; };
		52C61D9D1A79E5C400B3DE23 /* ViewController.swift in Sources */ = {isa = PBXBuildFile; fileRef = 52C61D9C1A79E5C400B3DE23 /* ViewController.swift */; };
		52C61DBB1A7A026200B3DE23 /* AudioGraphTests.swift in Sources */ = {isa = PBXBuildFile; fileRef = 52C61DBA1A7A026200B3DE23 /* AudioGraphTests.swift */; };
		52C61DBF1A7A041200B3DE23 /* AudioGraph.swift in Sources */ = {isa = PBXBuildFile; fileRef = 52C61DBE1A7A041200B3DE23 /* AudioGraph.swift */; };
		52C61DC01A7A041200B3DE23 /* AudioGraph.swift in Sources */ = {isa = PBXBuildFile; fileRef = 52C61DBE1A7A041200B3DE23 /* AudioGraph.swift */; };
		52C61DC41A7A11AC00B3DE23 /* AudioToolbox.framework in Frameworks */ = {isa = PBXBuildFile; fileRef = 52C61DC11A7A11AC00B3DE23 /* AudioToolbox.framework */; };
		52C61DC61A7A11AC00B3DE23 /* AVFoundation.framework in Frameworks */ = {isa = PBXBuildFile; fileRef = 52C61DC31A7A11AC00B3DE23 /* AVFoundation.framework */; };
		52C61DC81A7A11BC00B3DE23 /* CoreAudio.framework in Frameworks */ = {isa = PBXBuildFile; fileRef = 52C61DC71A7A11BC00B3DE23 /* CoreAudio.framework */; };
		52C61DCA1A7A4CB600B3DE23 /* AudioSession.swift in Sources */ = {isa = PBXBuildFile; fileRef = 52C61DC91A7A4CB600B3DE23 /* AudioSession.swift */; };
		52C61DCB1A7A4CB600B3DE23 /* AudioSession.swift in Sources */ = {isa = PBXBuildFile; fileRef = 52C61DC91A7A4CB600B3DE23 /* AudioSession.swift */; };
		52C61DCD1A7A54EE00B3DE23 /* PresetMgr.swift in Sources */ = {isa = PBXBuildFile; fileRef = 52C61DCC1A7A54EE00B3DE23 /* PresetMgr.swift */; };
		52C61DCE1A7A54EE00B3DE23 /* PresetMgr.swift in Sources */ = {isa = PBXBuildFile; fileRef = 52C61DCC1A7A54EE00B3DE23 /* PresetMgr.swift */; };
		52C61DD01A7A59EE00B3DE23 /* CoreFoundation.framework in Frameworks */ = {isa = PBXBuildFile; fileRef = 52C61DCF1A7A59EE00B3DE23 /* CoreFoundation.framework */; };
		52C61DD41A7A61C300B3DE23 /* PresetLoader.m in Sources */ = {isa = PBXBuildFile; fileRef = 52C61DD31A7A61C300B3DE23 /* PresetLoader.m */; };
		52C61DD51A7A61C300B3DE23 /* PresetLoader.m in Sources */ = {isa = PBXBuildFile; fileRef = 52C61DD31A7A61C300B3DE23 /* PresetLoader.m */; };
		DBAEE1681A97DDCB0002BDB9 /* SoundBanks in Resources */ = {isa = PBXBuildFile; fileRef = 88F21A363E92E4DAFEE687AF /* SoundBanks */; };
/* End PBXBuildFile section */

/* Begin PBXContainerItemProxy section */
		52C61DAB1A79E5C400B3DE23 /* PBXContainerItemProxy */ = {
			isa = PBXContainerItemProxy;
			containerPortal = 52C61D8D1A79E5C400B3DE23 /* Project object */;
			proxyType = 1;
			remoteGlobalIDString = 52C61D941A79E5C400B3DE23;
			remoteInfo = Orphee;
		};
/* End PBXContainerItemProxy section */

/* Begin PBXFileReference section */
		523432E31A80C1420041B7BD /* PresetLoader.h */ = {isa = PBXFileReference; fileEncoding = 4; lastKnownFileType = sourcecode.c.h; path = PresetLoader.h; sourceTree = "<group>"; };
		5234331A1A8104B40041B7BD /* OrpheeTests-Bridging-Header.h */ = {isa = PBXFileReference; fileEncoding = 4; lastKnownFileType = sourcecode.c.h; path = "OrpheeTests-Bridging-Header.h"; sourceTree = "<group>"; };
		5234331B1A8104B40041B7BD /* PresetMgrTests.swift */ = {isa = PBXFileReference; fileEncoding = 4; lastKnownFileType = sourcecode.swift; path = PresetMgrTests.swift; sourceTree = "<group>"; };
		526FF5FF1A810DBA00CF6A9C /* Trombone.aupreset */ = {isa = PBXFileReference; lastKnownFileType = text.xml; name = Trombone.aupreset; path = Ressources/Trombone.aupreset; sourceTree = "<group>"; };
		526FF6001A810DBA00CF6A9C /* Vibraphone.aupreset */ = {isa = PBXFileReference; lastKnownFileType = text.xml; name = Vibraphone.aupreset; path = Ressources/Vibraphone.aupreset; sourceTree = "<group>"; };
		526FF6041A81106E00CF6A9C /* Sounds */ = {isa = PBXFileReference; lastKnownFileType = folder; name = Sounds; path = Ressources/Sounds; sourceTree = "<group>"; };
		52C61D951A79E5C400B3DE23 /* Orphee.app */ = {isa = PBXFileReference; explicitFileType = wrapper.application; includeInIndex = 0; path = Orphee.app; sourceTree = BUILT_PRODUCTS_DIR; };
		52C61D9A1A79E5C400B3DE23 /* AppDelegate.swift */ = {isa = PBXFileReference; lastKnownFileType = sourcecode.swift; path = AppDelegate.swift; sourceTree = "<group>"; };
		52C61D9C1A79E5C400B3DE23 /* ViewController.swift */ = {isa = PBXFileReference; lastKnownFileType = sourcecode.swift; name = ViewController.swift; path = Orphee/ViewController.swift; sourceTree = "<group>"; };
		52C61D9F1A79E5C400B3DE23 /* Base */ = {isa = PBXFileReference; lastKnownFileType = file.storyboard; name = Base; path = Base.lproj/Main.storyboard; sourceTree = "<group>"; };
		52C61DA11A79E5C400B3DE23 /* Images.xcassets */ = {isa = PBXFileReference; lastKnownFileType = folder.assetcatalog; name = Images.xcassets; path = Orphee/Images.xcassets; sourceTree = "<group>"; };
		52C61DA41A79E5C400B3DE23 /* Base */ = {isa = PBXFileReference; lastKnownFileType = file.xib; name = Base; path = Base.lproj/LaunchScreen.xib; sourceTree = "<group>"; };
		52C61DAA1A79E5C400B3DE23 /* OrpheeTests.xctest */ = {isa = PBXFileReference; explicitFileType = wrapper.cfbundle; includeInIndex = 0; path = OrpheeTests.xctest; sourceTree = BUILT_PRODUCTS_DIR; };
		52C61DBA1A7A026200B3DE23 /* AudioGraphTests.swift */ = {isa = PBXFileReference; fileEncoding = 4; lastKnownFileType = sourcecode.swift; path = AudioGraphTests.swift; sourceTree = "<group>"; };
		52C61DBC1A7A039E00B3DE23 /* UIKit.framework */ = {isa = PBXFileReference; lastKnownFileType = wrapper.framework; name = UIKit.framework; path = System/Library/Frameworks/UIKit.framework; sourceTree = SDKROOT; };
		52C61DBE1A7A041200B3DE23 /* AudioGraph.swift */ = {isa = PBXFileReference; fileEncoding = 4; lastKnownFileType = sourcecode.swift; path = AudioGraph.swift; sourceTree = "<group>"; };
		52C61DC11A7A11AC00B3DE23 /* AudioToolbox.framework */ = {isa = PBXFileReference; lastKnownFileType = wrapper.framework; name = AudioToolbox.framework; path = System/Library/Frameworks/AudioToolbox.framework; sourceTree = SDKROOT; };
		52C61DC31A7A11AC00B3DE23 /* AVFoundation.framework */ = {isa = PBXFileReference; lastKnownFileType = wrapper.framework; name = AVFoundation.framework; path = System/Library/Frameworks/AVFoundation.framework; sourceTree = SDKROOT; };
		52C61DC71A7A11BC00B3DE23 /* CoreAudio.framework */ = {isa = PBXFileReference; lastKnownFileType = wrapper.framework; name = CoreAudio.framework; path = System/Library/Frameworks/CoreAudio.framework; sourceTree = SDKROOT; };
		52C61DC91A7A4CB600B3DE23 /* AudioSession.swift */ = {isa = PBXFileReference; fileEncoding = 4; lastKnownFileType = sourcecode.swift; path = AudioSession.swift; sourceTree = "<group>"; };
		52C61DCC1A7A54EE00B3DE23 /* PresetMgr.swift */ = {isa = PBXFileReference; fileEncoding = 4; lastKnownFileType = sourcecode.swift; path = PresetMgr.swift; sourceTree = "<group>"; };
		52C61DCF1A7A59EE00B3DE23 /* CoreFoundation.framework */ = {isa = PBXFileReference; lastKnownFileType = wrapper.framework; name = CoreFoundation.framework; path = System/Library/Frameworks/CoreFoundation.framework; sourceTree = SDKROOT; };
		52C61DD11A7A61C200B3DE23 /* Orphee-Bridging-Header.h */ = {isa = PBXFileReference; lastKnownFileType = sourcecode.c.h; path = "Orphee-Bridging-Header.h"; sourceTree = "<group>"; };
		52C61DD31A7A61C300B3DE23 /* PresetLoader.m */ = {isa = PBXFileReference; fileEncoding = 4; lastKnownFileType = sourcecode.c.objc; path = PresetLoader.m; sourceTree = "<group>"; };
		88F21A363E92E4DAFEE687AF /* SoundBanks */ = {isa = PBXFileReference; fileEncoding = 4; lastKnownFileType = folder; name = SoundBanks; path = Ressources/SoundBanks; sourceTree = "<group>"; };
/* End PBXFileReference section */

/* Begin PBXFrameworksBuildPhase section */
		52C61D921A79E5C400B3DE23 /* Frameworks */ = {
			isa = PBXFrameworksBuildPhase;
			buildActionMask = 2147483647;
			files = (
				52C61DD01A7A59EE00B3DE23 /* CoreFoundation.framework in Frameworks */,
				52C61DC81A7A11BC00B3DE23 /* CoreAudio.framework in Frameworks */,
				52C61DC41A7A11AC00B3DE23 /* AudioToolbox.framework in Frameworks */,
				52C61DC61A7A11AC00B3DE23 /* AVFoundation.framework in Frameworks */,
			);
			runOnlyForDeploymentPostprocessing = 0;
		};
		52C61DA71A79E5C400B3DE23 /* Frameworks */ = {
			isa = PBXFrameworksBuildPhase;
			buildActionMask = 2147483647;
			files = (
			);
			runOnlyForDeploymentPostprocessing = 0;
		};
/* End PBXFrameworksBuildPhase section */

/* Begin PBXGroup section */
		523433011A8103A40041B7BD /* Frameworks */ = {
			isa = PBXGroup;
			children = (
				52C61DCF1A7A59EE00B3DE23 /* CoreFoundation.framework */,
				52C61DC71A7A11BC00B3DE23 /* CoreAudio.framework */,
				52C61DC11A7A11AC00B3DE23 /* AudioToolbox.framework */,
				52C61DC31A7A11AC00B3DE23 /* AVFoundation.framework */,
				52C61DBC1A7A039E00B3DE23 /* UIKit.framework */,
			);
			name = Frameworks;
			sourceTree = "<group>";
		};
		523433021A8103DB0041B7BD /* Ressources */ = {
			isa = PBXGroup;
			children = (
				88F21A363E92E4DAFEE687AF /* SoundBanks */,
				526FF6041A81106E00CF6A9C /* Sounds */,
				526FF5FF1A810DBA00CF6A9C /* Trombone.aupreset */,
				526FF6001A810DBA00CF6A9C /* Vibraphone.aupreset */,
				52C61DA11A79E5C400B3DE23 /* Images.xcassets */,
			);
			name = Ressources;
			sourceTree = "<group>";
		};
		526FF5B91A8109BA00CF6A9C /* Views */ = {
			isa = PBXGroup;
			children = (
				52C61D9E1A79E5C400B3DE23 /* Main.storyboard */,
				52C61DA31A79E5C400B3DE23 /* LaunchScreen.xib */,
			);
			name = Views;
			sourceTree = "<group>";
		};
		526FF5C11A810AA000CF6A9C /* ViewControllers */ = {
			isa = PBXGroup;
			children = (
				52C61D9C1A79E5C400B3DE23 /* ViewController.swift */,
			);
			name = ViewControllers;
			sourceTree = "<group>";
		};
		52C61D8C1A79E5C400B3DE23 = {
			isa = PBXGroup;
			children = (
				523433011A8103A40041B7BD /* Frameworks */,
				523433021A8103DB0041B7BD /* Ressources */,
				526FF5C11A810AA000CF6A9C /* ViewControllers */,
				526FF5B91A8109BA00CF6A9C /* Views */,
				52C61D971A79E5C400B3DE23 /* Classes */,
				52C61DAD1A79E5C400B3DE23 /* OrpheeTests */,
				52C61D961A79E5C400B3DE23 /* Products */,
			);
			sourceTree = "<group>";
		};
		52C61D961A79E5C400B3DE23 /* Products */ = {
			isa = PBXGroup;
			children = (
				52C61D951A79E5C400B3DE23 /* Orphee.app */,
				52C61DAA1A79E5C400B3DE23 /* OrpheeTests.xctest */,
			);
			name = Products;
			sourceTree = "<group>";
		};
		52C61D971A79E5C400B3DE23 /* Classes */ = {
			isa = PBXGroup;
			children = (
				52C61D9A1A79E5C400B3DE23 /* AppDelegate.swift */,
				52C61DBE1A7A041200B3DE23 /* AudioGraph.swift */,
				52C61DC91A7A4CB600B3DE23 /* AudioSession.swift */,
				52C61DCC1A7A54EE00B3DE23 /* PresetMgr.swift */,
				52C61DD31A7A61C300B3DE23 /* PresetLoader.m */,
				523432E31A80C1420041B7BD /* PresetLoader.h */,
				52C61DD11A7A61C200B3DE23 /* Orphee-Bridging-Header.h */,
			);
			name = Classes;
			path = Orphee;
			sourceTree = "<group>";
		};
		52C61DAD1A79E5C400B3DE23 /* OrpheeTests */ = {
			isa = PBXGroup;
			children = (
				5234331A1A8104B40041B7BD /* OrpheeTests-Bridging-Header.h */,
				5234331B1A8104B40041B7BD /* PresetMgrTests.swift */,
				52C61DBA1A7A026200B3DE23 /* AudioGraphTests.swift */,
			);
			path = OrpheeTests;
			sourceTree = "<group>";
		};
/* End PBXGroup section */

/* Begin PBXNativeTarget section */
		52C61D941A79E5C400B3DE23 /* Orphee */ = {
			isa = PBXNativeTarget;
			buildConfigurationList = 52C61DB41A79E5C400B3DE23 /* Build configuration list for PBXNativeTarget "Orphee" */;
			buildPhases = (
				52C61D911A79E5C400B3DE23 /* Sources */,
				52C61D921A79E5C400B3DE23 /* Frameworks */,
				52C61D931A79E5C400B3DE23 /* Resources */,
			);
			buildRules = (
			);
			dependencies = (
			);
			name = Orphee;
			productName = Orphee;
			productReference = 52C61D951A79E5C400B3DE23 /* Orphee.app */;
			productType = "com.apple.product-type.application";
		};
		52C61DA91A79E5C400B3DE23 /* OrpheeTests */ = {
			isa = PBXNativeTarget;
			buildConfigurationList = 52C61DB71A79E5C400B3DE23 /* Build configuration list for PBXNativeTarget "OrpheeTests" */;
			buildPhases = (
				52C61DA61A79E5C400B3DE23 /* Sources */,
				52C61DA71A79E5C400B3DE23 /* Frameworks */,
				52C61DA81A79E5C400B3DE23 /* Resources */,
			);
			buildRules = (
			);
			dependencies = (
				52C61DAC1A79E5C400B3DE23 /* PBXTargetDependency */,
			);
			name = OrpheeTests;
			productName = OrpheeTests;
			productReference = 52C61DAA1A79E5C400B3DE23 /* OrpheeTests.xctest */;
			productType = "com.apple.product-type.bundle.unit-test";
		};
/* End PBXNativeTarget section */

/* Begin PBXProject section */
		52C61D8D1A79E5C400B3DE23 /* Project object */ = {
			isa = PBXProject;
			attributes = {
				LastUpgradeCheck = 0610;
				ORGANIZATIONNAME = __ORPHEE__;
				TargetAttributes = {
					52C61D941A79E5C400B3DE23 = {
						CreatedOnToolsVersion = 6.1.1;
					};
					52C61DA91A79E5C400B3DE23 = {
						CreatedOnToolsVersion = 6.1.1;
						TestTargetID = 52C61D941A79E5C400B3DE23;
					};
				};
			};
			buildConfigurationList = 52C61D901A79E5C400B3DE23 /* Build configuration list for PBXProject "Orphee" */;
			compatibilityVersion = "Xcode 3.2";
			developmentRegion = English;
			hasScannedForEncodings = 0;
			knownRegions = (
				en,
				Base,
			);
			mainGroup = 52C61D8C1A79E5C400B3DE23;
			productRefGroup = 52C61D961A79E5C400B3DE23 /* Products */;
			projectDirPath = "";
			projectRoot = "";
			targets = (
				52C61D941A79E5C400B3DE23 /* Orphee */,
				52C61DA91A79E5C400B3DE23 /* OrpheeTests */,
			);
		};
/* End PBXProject section */

/* Begin PBXResourcesBuildPhase section */
		52C61D931A79E5C400B3DE23 /* Resources */ = {
			isa = PBXResourcesBuildPhase;
			buildActionMask = 2147483647;
			files = (
				526FF6051A81106E00CF6A9C /* Sounds in Resources */,
				526FF6011A810DD400CF6A9C /* Trombone.aupreset in Resources */,
				526FF6021A810DD400CF6A9C /* Vibraphone.aupreset in Resources */,
				526FF5F61A810DA700CF6A9C /* Main.storyboard in Resources */,
				526FF5F71A810DA700CF6A9C /* LaunchScreen.xib in Resources */,
				526FF5F51A810DA000CF6A9C /* Images.xcassets in Resources */,
			);
			runOnlyForDeploymentPostprocessing = 0;
		};
		52C61DA81A79E5C400B3DE23 /* Resources */ = {
			isa = PBXResourcesBuildPhase;
			buildActionMask = 2147483647;
			files = (
				DBAEE1681A97DDCB0002BDB9 /* SoundBanks in Resources */,
				526FF6061A81106E00CF6A9C /* Sounds in Resources */,
				5241CD7A1A8110ED00A1FBEF /* Trombone.aupreset in Resources */,
				5241CD7B1A8110ED00A1FBEF /* Vibraphone.aupreset in Resources */,
			);
			runOnlyForDeploymentPostprocessing = 0;
		};
/* End PBXResourcesBuildPhase section */

/* Begin PBXSourcesBuildPhase section */
		52C61D911A79E5C400B3DE23 /* Sources */ = {
			isa = PBXSourcesBuildPhase;
			buildActionMask = 2147483647;
			files = (
				52C61D9D1A79E5C400B3DE23 /* ViewController.swift in Sources */,
				52C61DD41A7A61C300B3DE23 /* PresetLoader.m in Sources */,
				52C61D9B1A79E5C400B3DE23 /* AppDelegate.swift in Sources */,
				52C61DBF1A7A041200B3DE23 /* AudioGraph.swift in Sources */,
				52C61DCD1A7A54EE00B3DE23 /* PresetMgr.swift in Sources */,
				52C61DCA1A7A4CB600B3DE23 /* AudioSession.swift in Sources */,
			);
			runOnlyForDeploymentPostprocessing = 0;
		};
		52C61DA61A79E5C400B3DE23 /* Sources */ = {
			isa = PBXSourcesBuildPhase;
			buildActionMask = 2147483647;
			files = (
				52C61DD51A7A61C300B3DE23 /* PresetLoader.m in Sources */,
				5234331C1A8104B40041B7BD /* PresetMgrTests.swift in Sources */,
				52C61DBB1A7A026200B3DE23 /* AudioGraphTests.swift in Sources */,
				52C61DC01A7A041200B3DE23 /* AudioGraph.swift in Sources */,
				52C61DCB1A7A4CB600B3DE23 /* AudioSession.swift in Sources */,
				52C61DCE1A7A54EE00B3DE23 /* PresetMgr.swift in Sources */,
			);
			runOnlyForDeploymentPostprocessing = 0;
		};
/* End PBXSourcesBuildPhase section */

/* Begin PBXTargetDependency section */
		52C61DAC1A79E5C400B3DE23 /* PBXTargetDependency */ = {
			isa = PBXTargetDependency;
			target = 52C61D941A79E5C400B3DE23 /* Orphee */;
			targetProxy = 52C61DAB1A79E5C400B3DE23 /* PBXContainerItemProxy */;
		};
/* End PBXTargetDependency section */

/* Begin PBXVariantGroup section */
		52C61D9E1A79E5C400B3DE23 /* Main.storyboard */ = {
			isa = PBXVariantGroup;
			children = (
				52C61D9F1A79E5C400B3DE23 /* Base */,
			);
			name = Main.storyboard;
			path = Orphee;
			sourceTree = "<group>";
		};
		52C61DA31A79E5C400B3DE23 /* LaunchScreen.xib */ = {
			isa = PBXVariantGroup;
			children = (
				52C61DA41A79E5C400B3DE23 /* Base */,
			);
			name = LaunchScreen.xib;
			path = Orphee;
			sourceTree = "<group>";
		};
/* End PBXVariantGroup section */

/* Begin XCBuildConfiguration section */
		52C61DB21A79E5C400B3DE23 /* Debug */ = {
			isa = XCBuildConfiguration;
			buildSettings = {
				ALWAYS_SEARCH_USER_PATHS = NO;
				CLANG_CXX_LANGUAGE_STANDARD = "gnu++0x";
				CLANG_CXX_LIBRARY = "libc++";
				CLANG_ENABLE_MODULES = YES;
				CLANG_ENABLE_OBJC_ARC = YES;
				CLANG_WARN_BOOL_CONVERSION = YES;
				CLANG_WARN_CONSTANT_CONVERSION = YES;
				CLANG_WARN_DIRECT_OBJC_ISA_USAGE = YES_ERROR;
				CLANG_WARN_EMPTY_BODY = YES;
				CLANG_WARN_ENUM_CONVERSION = YES;
				CLANG_WARN_INT_CONVERSION = YES;
				CLANG_WARN_OBJC_ROOT_CLASS = YES_ERROR;
				CLANG_WARN_UNREACHABLE_CODE = YES;
				CLANG_WARN__DUPLICATE_METHOD_MATCH = YES;
				"CODE_SIGN_IDENTITY[sdk=iphoneos*]" = "iPhone Developer";
				COPY_PHASE_STRIP = NO;
				ENABLE_STRICT_OBJC_MSGSEND = YES;
				GCC_C_LANGUAGE_STANDARD = gnu99;
				GCC_DYNAMIC_NO_PIC = NO;
				GCC_OPTIMIZATION_LEVEL = 0;
				GCC_PREPROCESSOR_DEFINITIONS = (
					"DEBUG=1",
					"$(inherited)",
				);
				GCC_SYMBOLS_PRIVATE_EXTERN = NO;
				GCC_WARN_64_TO_32_BIT_CONVERSION = YES;
				GCC_WARN_ABOUT_RETURN_TYPE = YES_ERROR;
				GCC_WARN_UNDECLARED_SELECTOR = YES;
				GCC_WARN_UNINITIALIZED_AUTOS = YES_AGGRESSIVE;
				GCC_WARN_UNUSED_FUNCTION = YES;
				GCC_WARN_UNUSED_VARIABLE = YES;
				IPHONEOS_DEPLOYMENT_TARGET = 8.1;
				MTL_ENABLE_DEBUG_INFO = YES;
				ONLY_ACTIVE_ARCH = YES;
				SDKROOT = iphoneos;
				SWIFT_OPTIMIZATION_LEVEL = "-Onone";
				TARGETED_DEVICE_FAMILY = "1,2";
			};
			name = Debug;
		};
		52C61DB31A79E5C400B3DE23 /* Release */ = {
			isa = XCBuildConfiguration;
			buildSettings = {
				ALWAYS_SEARCH_USER_PATHS = NO;
				CLANG_CXX_LANGUAGE_STANDARD = "gnu++0x";
				CLANG_CXX_LIBRARY = "libc++";
				CLANG_ENABLE_MODULES = YES;
				CLANG_ENABLE_OBJC_ARC = YES;
				CLANG_WARN_BOOL_CONVERSION = YES;
				CLANG_WARN_CONSTANT_CONVERSION = YES;
				CLANG_WARN_DIRECT_OBJC_ISA_USAGE = YES_ERROR;
				CLANG_WARN_EMPTY_BODY = YES;
				CLANG_WARN_ENUM_CONVERSION = YES;
				CLANG_WARN_INT_CONVERSION = YES;
				CLANG_WARN_OBJC_ROOT_CLASS = YES_ERROR;
				CLANG_WARN_UNREACHABLE_CODE = YES;
				CLANG_WARN__DUPLICATE_METHOD_MATCH = YES;
				"CODE_SIGN_IDENTITY[sdk=iphoneos*]" = "iPhone Developer";
				COPY_PHASE_STRIP = YES;
				ENABLE_NS_ASSERTIONS = NO;
				ENABLE_STRICT_OBJC_MSGSEND = YES;
				GCC_C_LANGUAGE_STANDARD = gnu99;
				GCC_WARN_64_TO_32_BIT_CONVERSION = YES;
				GCC_WARN_ABOUT_RETURN_TYPE = YES_ERROR;
				GCC_WARN_UNDECLARED_SELECTOR = YES;
				GCC_WARN_UNINITIALIZED_AUTOS = YES_AGGRESSIVE;
				GCC_WARN_UNUSED_FUNCTION = YES;
				GCC_WARN_UNUSED_VARIABLE = YES;
				IPHONEOS_DEPLOYMENT_TARGET = 8.1;
				MTL_ENABLE_DEBUG_INFO = NO;
				SDKROOT = iphoneos;
				TARGETED_DEVICE_FAMILY = "1,2";
				VALIDATE_PRODUCT = YES;
			};
			name = Release;
		};
		52C61DB51A79E5C400B3DE23 /* Debug */ = {
			isa = XCBuildConfiguration;
			buildSettings = {
				ASSETCATALOG_COMPILER_APPICON_NAME = AppIcon;
				CLANG_ENABLE_MODULES = YES;
				INFOPLIST_FILE = Orphee/Info.plist;
				LD_RUNPATH_SEARCH_PATHS = "$(inherited) @executable_path/Frameworks";
				PRODUCT_NAME = "$(TARGET_NAME)";
				SWIFT_OBJC_BRIDGING_HEADER = "Orphee/Orphee-Bridging-Header.h";
				SWIFT_OPTIMIZATION_LEVEL = "-Onone";
			};
			name = Debug;
		};
		52C61DB61A79E5C400B3DE23 /* Release */ = {
			isa = XCBuildConfiguration;
			buildSettings = {
				ASSETCATALOG_COMPILER_APPICON_NAME = AppIcon;
				CLANG_ENABLE_MODULES = YES;
				INFOPLIST_FILE = Orphee/Info.plist;
				LD_RUNPATH_SEARCH_PATHS = "$(inherited) @executable_path/Frameworks";
				PRODUCT_NAME = "$(TARGET_NAME)";
				SWIFT_OBJC_BRIDGING_HEADER = "Orphee/Orphee-Bridging-Header.h";
			};
			name = Release;
		};
		52C61DB81A79E5C400B3DE23 /* Debug */ = {
			isa = XCBuildConfiguration;
			buildSettings = {
				BUNDLE_LOADER = "$(TEST_HOST)";
				CLANG_ENABLE_MODULES = YES;
				FRAMEWORK_SEARCH_PATHS = (
					"$(SDKROOT)/Developer/Library/Frameworks",
					"$(inherited)",
				);
				GCC_PREPROCESSOR_DEFINITIONS = (
					"DEBUG=1",
					"$(inherited)",
				);
				INFOPLIST_FILE = OrpheeTests/Info.plist;
				LD_RUNPATH_SEARCH_PATHS = "$(inherited) @executable_path/Frameworks @loader_path/Frameworks";
				PRODUCT_NAME = "$(TARGET_NAME)";
				SWIFT_OBJC_BRIDGING_HEADER = "OrpheeTests/OrpheeTests-Bridging-Header.h";
				SWIFT_OPTIMIZATION_LEVEL = "-Onone";
				TEST_HOST = "$(BUILT_PRODUCTS_DIR)/Orphee.app/Orphee";
			};
			name = Debug;
		};
		52C61DB91A79E5C400B3DE23 /* Release */ = {
			isa = XCBuildConfiguration;
			buildSettings = {
				BUNDLE_LOADER = "$(TEST_HOST)";
				CLANG_ENABLE_MODULES = YES;
				FRAMEWORK_SEARCH_PATHS = (
					"$(SDKROOT)/Developer/Library/Frameworks",
					"$(inherited)",
				);
				INFOPLIST_FILE = OrpheeTests/Info.plist;
				LD_RUNPATH_SEARCH_PATHS = "$(inherited) @executable_path/Frameworks @loader_path/Frameworks";
				PRODUCT_NAME = "$(TARGET_NAME)";
				SWIFT_OBJC_BRIDGING_HEADER = "OrpheeTests/OrpheeTests-Bridging-Header.h";
				TEST_HOST = "$(BUILT_PRODUCTS_DIR)/Orphee.app/Orphee";
			};
			name = Release;
		};
/* End XCBuildConfiguration section */

/* Begin XCConfigurationList section */
		52C61D901A79E5C400B3DE23 /* Build configuration list for PBXProject "Orphee" */ = {
			isa = XCConfigurationList;
			buildConfigurations = (
				52C61DB21A79E5C400B3DE23 /* Debug */,
				52C61DB31A79E5C400B3DE23 /* Release */,
			);
			defaultConfigurationIsVisible = 0;
			defaultConfigurationName = Release;
		};
		52C61DB41A79E5C400B3DE23 /* Build configuration list for PBXNativeTarget "Orphee" */ = {
			isa = XCConfigurationList;
			buildConfigurations = (
				52C61DB51A79E5C400B3DE23 /* Debug */,
				52C61DB61A79E5C400B3DE23 /* Release */,
			);
			defaultConfigurationIsVisible = 0;
			defaultConfigurationName = Release;
		};
		52C61DB71A79E5C400B3DE23 /* Build configuration list for PBXNativeTarget "OrpheeTests" */ = {
			isa = XCConfigurationList;
			buildConfigurations = (
				52C61DB81A79E5C400B3DE23 /* Debug */,
				52C61DB91A79E5C400B3DE23 /* Release */,
			);
			defaultConfigurationIsVisible = 0;
			defaultConfigurationName = Release;
		};
/* End XCConfigurationList section */
	};
	rootObject = 52C61D8D1A79E5C400B3DE23 /* Project object */;
}
